// !$*UTF8*$!
{
	archiveVersion = 1;
	classes = {
	};
	objectVersion = 46;
	objects = {

/* Begin PBXBuildFile section */
		5050BACD1CFD656800ED7B46 /* main.m in Sources */ = {isa = PBXBuildFile; fileRef = 5050BACC1CFD656800ED7B46 /* main.m */; };
		5050BAD01CFD656800ED7B46 /* AppDelegate.m in Sources */ = {isa = PBXBuildFile; fileRef = 5050BACF1CFD656800ED7B46 /* AppDelegate.m */; };
		5050BAD31CFD656800ED7B46 /* ViewController.m in Sources */ = {isa = PBXBuildFile; fileRef = 5050BAD21CFD656800ED7B46 /* ViewController.m */; };
		5050BAD61CFD656800ED7B46 /* Main.storyboard in Resources */ = {isa = PBXBuildFile; fileRef = 5050BAD41CFD656800ED7B46 /* Main.storyboard */; };
		5050BAD81CFD656800ED7B46 /* Assets.xcassets in Resources */ = {isa = PBXBuildFile; fileRef = 5050BAD71CFD656800ED7B46 /* Assets.xcassets */; };
		5050BADB1CFD656800ED7B46 /* LaunchScreen.storyboard in Resources */ = {isa = PBXBuildFile; fileRef = 5050BAD91CFD656800ED7B46 /* LaunchScreen.storyboard */; };
		5050BAE61CFD656800ED7B46 /* MapDemoTests.m in Sources */ = {isa = PBXBuildFile; fileRef = 5050BAE51CFD656800ED7B46 /* MapDemoTests.m */; };
		5050BAF11CFD656800ED7B46 /* MapDemoUITests.m in Sources */ = {isa = PBXBuildFile; fileRef = 5050BAF01CFD656800ED7B46 /* MapDemoUITests.m */; };
		5050BAFF1CFD65CA00ED7B46 /* MapKit.framework in Frameworks */ = {isa = PBXBuildFile; fileRef = 5050BAFE1CFD65CA00ED7B46 /* MapKit.framework */; };
		5050BB011CFD65D900ED7B46 /* CoreLocation.framework in Frameworks */ = {isa = PBXBuildFile; fileRef = 5050BB001CFD65D900ED7B46 /* CoreLocation.framework */; };
		5050BB041CFD686A00ED7B46 /* BaseNavViewController.m in Sources */ = {isa = PBXBuildFile; fileRef = 5050BB031CFD686A00ED7B46 /* BaseNavViewController.m */; };
		5050BB081CFD71C800ED7B46 /* MapDemoViewController.m in Sources */ = {isa = PBXBuildFile; fileRef = 5050BB061CFD71C800ED7B46 /* MapDemoViewController.m */; };
		5050BB091CFD71C800ED7B46 /* MapDemoViewController.xib in Resources */ = {isa = PBXBuildFile; fileRef = 5050BB071CFD71C800ED7B46 /* MapDemoViewController.xib */; };
		5050BB0C1CFD828800ED7B46 /* KKAnnotation.m in Sources */ = {isa = PBXBuildFile; fileRef = 5050BB0B1CFD828800ED7B46 /* KKAnnotation.m */; };
		5050BB211CFD8EBB00ED7B46 /* Icon-40.png in Resources */ = {isa = PBXBuildFile; fileRef = 5050BB101CFD8EBB00ED7B46 /* Icon-40.png */; };
		5050BB221CFD8EBB00ED7B46 /* Icon-40@2x.png in Resources */ = {isa = PBXBuildFile; fileRef = 5050BB111CFD8EBB00ED7B46 /* Icon-40@2x.png */; };
		5050BB231CFD8EBB00ED7B46 /* Icon-40@3x.png in Resources */ = {isa = PBXBuildFile; fileRef = 5050BB121CFD8EBB00ED7B46 /* Icon-40@3x.png */; };
		5050BB241CFD8EBB00ED7B46 /* Icon-60@2x.png in Resources */ = {isa = PBXBuildFile; fileRef = 5050BB131CFD8EBB00ED7B46 /* Icon-60@2x.png */; };
		5050BB251CFD8EBB00ED7B46 /* Icon-60@3x.png in Resources */ = {isa = PBXBuildFile; fileRef = 5050BB141CFD8EBB00ED7B46 /* Icon-60@3x.png */; };
		5050BB261CFD8EBB00ED7B46 /* Icon-72.png in Resources */ = {isa = PBXBuildFile; fileRef = 5050BB151CFD8EBB00ED7B46 /* Icon-72.png */; };
		5050BB271CFD8EBB00ED7B46 /* Icon-72@2x.png in Resources */ = {isa = PBXBuildFile; fileRef = 5050BB161CFD8EBB00ED7B46 /* Icon-72@2x.png */; };
		5050BB281CFD8EBB00ED7B46 /* Icon-76.png in Resources */ = {isa = PBXBuildFile; fileRef = 5050BB171CFD8EBB00ED7B46 /* Icon-76.png */; };
		5050BB291CFD8EBB00ED7B46 /* Icon-76@2x.png in Resources */ = {isa = PBXBuildFile; fileRef = 5050BB181CFD8EBB00ED7B46 /* Icon-76@2x.png */; };
		5050BB2A1CFD8EBB00ED7B46 /* Icon-83.5@2x.png in Resources */ = {isa = PBXBuildFile; fileRef = 5050BB191CFD8EBB00ED7B46 /* Icon-83.5@2x.png */; };
		5050BB2B1CFD8EBB00ED7B46 /* Icon-Small-50.png in Resources */ = {isa = PBXBuildFile; fileRef = 5050BB1A1CFD8EBB00ED7B46 /* Icon-Small-50.png */; };
		5050BB2C1CFD8EBB00ED7B46 /* Icon-Small-50@2x.png in Resources */ = {isa = PBXBuildFile; fileRef = 5050BB1B1CFD8EBB00ED7B46 /* Icon-Small-50@2x.png */; };
		5050BB2D1CFD8EBB00ED7B46 /* Icon-Small.png in Resources */ = {isa = PBXBuildFile; fileRef = 5050BB1C1CFD8EBB00ED7B46 /* Icon-Small.png */; };
		5050BB2E1CFD8EBB00ED7B46 /* Icon-Small@2x.png in Resources */ = {isa = PBXBuildFile; fileRef = 5050BB1D1CFD8EBB00ED7B46 /* Icon-Small@2x.png */; };
		5050BB2F1CFD8EBB00ED7B46 /* Icon-Small@3x.png in Resources */ = {isa = PBXBuildFile; fileRef = 5050BB1E1CFD8EBB00ED7B46 /* Icon-Small@3x.png */; };
		5050BB301CFD8EBB00ED7B46 /* Icon.png in Resources */ = {isa = PBXBuildFile; fileRef = 5050BB1F1CFD8EBB00ED7B46 /* Icon.png */; };
		5050BB311CFD8EBB00ED7B46 /* Icon@2x.png in Resources */ = {isa = PBXBuildFile; fileRef = 5050BB201CFD8EBB00ED7B46 /* Icon@2x.png */; };
/* End PBXBuildFile section */

/* Begin PBXContainerItemProxy section */
		5050BAE21CFD656800ED7B46 /* PBXContainerItemProxy */ = {
			isa = PBXContainerItemProxy;
			containerPortal = 5050BAC01CFD656800ED7B46 /* Project object */;
			proxyType = 1;
			remoteGlobalIDString = 5050BAC71CFD656800ED7B46;
			remoteInfo = MapDemo;
		};
		5050BAED1CFD656800ED7B46 /* PBXContainerItemProxy */ = {
			isa = PBXContainerItemProxy;
			containerPortal = 5050BAC01CFD656800ED7B46 /* Project object */;
			proxyType = 1;
			remoteGlobalIDString = 5050BAC71CFD656800ED7B46;
			remoteInfo = MapDemo;
		};
/* End PBXContainerItemProxy section */

/* Begin PBXFileReference section */
		5050BAC81CFD656800ED7B46 /* MapDemo.app */ = {isa = PBXFileReference; explicitFileType = wrapper.application; includeInIndex = 0; path = MapDemo.app; sourceTree = BUILT_PRODUCTS_DIR; };
		5050BACC1CFD656800ED7B46 /* main.m */ = {isa = PBXFileReference; lastKnownFileType = sourcecode.c.objc; path = main.m; sourceTree = "<group>"; };
		5050BACE1CFD656800ED7B46 /* AppDelegate.h */ = {isa = PBXFileReference; lastKnownFileType = sourcecode.c.h; path = AppDelegate.h; sourceTree = "<group>"; };
		5050BACF1CFD656800ED7B46 /* AppDelegate.m */ = {isa = PBXFileReference; lastKnownFileType = sourcecode.c.objc; path = AppDelegate.m; sourceTree = "<group>"; };
		5050BAD11CFD656800ED7B46 /* ViewController.h */ = {isa = PBXFileReference; lastKnownFileType = sourcecode.c.h; path = ViewController.h; sourceTree = "<group>"; };
		5050BAD21CFD656800ED7B46 /* ViewController.m */ = {isa = PBXFileReference; lastKnownFileType = sourcecode.c.objc; path = ViewController.m; sourceTree = "<group>"; };
		5050BAD51CFD656800ED7B46 /* Base */ = {isa = PBXFileReference; lastKnownFileType = file.storyboard; name = Base; path = Base.lproj/Main.storyboard; sourceTree = "<group>"; };
		5050BAD71CFD656800ED7B46 /* Assets.xcassets */ = {isa = PBXFileReference; lastKnownFileType = folder.assetcatalog; path = Assets.xcassets; sourceTree = "<group>"; };
		5050BADA1CFD656800ED7B46 /* Base */ = {isa = PBXFileReference; lastKnownFileType = file.storyboard; name = Base; path = Base.lproj/LaunchScreen.storyboard; sourceTree = "<group>"; };
		5050BADC1CFD656800ED7B46 /* Info.plist */ = {isa = PBXFileReference; lastKnownFileType = text.plist.xml; path = Info.plist; sourceTree = "<group>"; };
		5050BAE11CFD656800ED7B46 /* MapDemoTests.xctest */ = {isa = PBXFileReference; explicitFileType = wrapper.cfbundle; includeInIndex = 0; path = MapDemoTests.xctest; sourceTree = BUILT_PRODUCTS_DIR; };
		5050BAE51CFD656800ED7B46 /* MapDemoTests.m */ = {isa = PBXFileReference; lastKnownFileType = sourcecode.c.objc; path = MapDemoTests.m; sourceTree = "<group>"; };
		5050BAE71CFD656800ED7B46 /* Info.plist */ = {isa = PBXFileReference; lastKnownFileType = text.plist.xml; path = Info.plist; sourceTree = "<group>"; };
		5050BAEC1CFD656800ED7B46 /* MapDemoUITests.xctest */ = {isa = PBXFileReference; explicitFileType = wrapper.cfbundle; includeInIndex = 0; path = MapDemoUITests.xctest; sourceTree = BUILT_PRODUCTS_DIR; };
		5050BAF01CFD656800ED7B46 /* MapDemoUITests.m */ = {isa = PBXFileReference; lastKnownFileType = sourcecode.c.objc; path = MapDemoUITests.m; sourceTree = "<group>"; };
		5050BAF21CFD656800ED7B46 /* Info.plist */ = {isa = PBXFileReference; lastKnownFileType = text.plist.xml; path = Info.plist; sourceTree = "<group>"; };
		5050BAFE1CFD65CA00ED7B46 /* MapKit.framework */ = {isa = PBXFileReference; lastKnownFileType = wrapper.framework; name = MapKit.framework; path = System/Library/Frameworks/MapKit.framework; sourceTree = SDKROOT; };
		5050BB001CFD65D900ED7B46 /* CoreLocation.framework */ = {isa = PBXFileReference; lastKnownFileType = wrapper.framework; name = CoreLocation.framework; path = System/Library/Frameworks/CoreLocation.framework; sourceTree = SDKROOT; };
		5050BB021CFD686A00ED7B46 /* BaseNavViewController.h */ = {isa = PBXFileReference; fileEncoding = 4; lastKnownFileType = sourcecode.c.h; path = BaseNavViewController.h; sourceTree = "<group>"; };
		5050BB031CFD686A00ED7B46 /* BaseNavViewController.m */ = {isa = PBXFileReference; fileEncoding = 4; lastKnownFileType = sourcecode.c.objc; path = BaseNavViewController.m; sourceTree = "<group>"; };
		5050BB051CFD71C800ED7B46 /* MapDemoViewController.h */ = {isa = PBXFileReference; fileEncoding = 4; lastKnownFileType = sourcecode.c.h; path = MapDemoViewController.h; sourceTree = "<group>"; };
		5050BB061CFD71C800ED7B46 /* MapDemoViewController.m */ = {isa = PBXFileReference; fileEncoding = 4; lastKnownFileType = sourcecode.c.objc; path = MapDemoViewController.m; sourceTree = "<group>"; };
		5050BB071CFD71C800ED7B46 /* MapDemoViewController.xib */ = {isa = PBXFileReference; fileEncoding = 4; lastKnownFileType = file.xib; path = MapDemoViewController.xib; sourceTree = "<group>"; };
		5050BB0A1CFD828800ED7B46 /* KKAnnotation.h */ = {isa = PBXFileReference; fileEncoding = 4; lastKnownFileType = sourcecode.c.h; path = KKAnnotation.h; sourceTree = "<group>"; };
		5050BB0B1CFD828800ED7B46 /* KKAnnotation.m */ = {isa = PBXFileReference; fileEncoding = 4; lastKnownFileType = sourcecode.c.objc; path = KKAnnotation.m; sourceTree = "<group>"; };
		5050BB101CFD8EBB00ED7B46 /* Icon-40.png */ = {isa = PBXFileReference; lastKnownFileType = image.png; path = "Icon-40.png"; sourceTree = "<group>"; };
		5050BB111CFD8EBB00ED7B46 /* Icon-40@2x.png */ = {isa = PBXFileReference; lastKnownFileType = image.png; path = "Icon-40@2x.png"; sourceTree = "<group>"; };
		5050BB121CFD8EBB00ED7B46 /* Icon-40@3x.png */ = {isa = PBXFileReference; lastKnownFileType = image.png; path = "Icon-40@3x.png"; sourceTree = "<group>"; };
		5050BB131CFD8EBB00ED7B46 /* Icon-60@2x.png */ = {isa = PBXFileReference; lastKnownFileType = image.png; path = "Icon-60@2x.png"; sourceTree = "<group>"; };
		5050BB141CFD8EBB00ED7B46 /* Icon-60@3x.png */ = {isa = PBXFileReference; lastKnownFileType = image.png; path = "Icon-60@3x.png"; sourceTree = "<group>"; };
		5050BB151CFD8EBB00ED7B46 /* Icon-72.png */ = {isa = PBXFileReference; lastKnownFileType = image.png; path = "Icon-72.png"; sourceTree = "<group>"; };
		5050BB161CFD8EBB00ED7B46 /* Icon-72@2x.png */ = {isa = PBXFileReference; lastKnownFileType = image.png; path = "Icon-72@2x.png"; sourceTree = "<group>"; };
		5050BB171CFD8EBB00ED7B46 /* Icon-76.png */ = {isa = PBXFileReference; lastKnownFileType = image.png; path = "Icon-76.png"; sourceTree = "<group>"; };
		5050BB181CFD8EBB00ED7B46 /* Icon-76@2x.png */ = {isa = PBXFileReference; lastKnownFileType = image.png; path = "Icon-76@2x.png"; sourceTree = "<group>"; };
		5050BB191CFD8EBB00ED7B46 /* Icon-83.5@2x.png */ = {isa = PBXFileReference; lastKnownFileType = image.png; path = "Icon-83.5@2x.png"; sourceTree = "<group>"; };
		5050BB1A1CFD8EBB00ED7B46 /* Icon-Small-50.png */ = {isa = PBXFileReference; lastKnownFileType = image.png; path = "Icon-Small-50.png"; sourceTree = "<group>"; };
		5050BB1B1CFD8EBB00ED7B46 /* Icon-Small-50@2x.png */ = {isa = PBXFileReference; lastKnownFileType = image.png; path = "Icon-Small-50@2x.png"; sourceTree = "<group>"; };
		5050BB1C1CFD8EBB00ED7B46 /* Icon-Small.png */ = {isa = PBXFileReference; lastKnownFileType = image.png; path = "Icon-Small.png"; sourceTree = "<group>"; };
		5050BB1D1CFD8EBB00ED7B46 /* Icon-Small@2x.png */ = {isa = PBXFileReference; lastKnownFileType = image.png; path = "Icon-Small@2x.png"; sourceTree = "<group>"; };
		5050BB1E1CFD8EBB00ED7B46 /* Icon-Small@3x.png */ = {isa = PBXFileReference; lastKnownFileType = image.png; path = "Icon-Small@3x.png"; sourceTree = "<group>"; };
		5050BB1F1CFD8EBB00ED7B46 /* Icon.png */ = {isa = PBXFileReference; lastKnownFileType = image.png; path = Icon.png; sourceTree = "<group>"; };
		5050BB201CFD8EBB00ED7B46 /* Icon@2x.png */ = {isa = PBXFileReference; lastKnownFileType = image.png; path = "Icon@2x.png"; sourceTree = "<group>"; };
/* End PBXFileReference section */

/* Begin PBXFrameworksBuildPhase section */
		5050BAC51CFD656800ED7B46 /* Frameworks */ = {
			isa = PBXFrameworksBuildPhase;
			buildActionMask = 2147483647;
			files = (
				5050BB011CFD65D900ED7B46 /* CoreLocation.framework in Frameworks */,
				5050BAFF1CFD65CA00ED7B46 /* MapKit.framework in Frameworks */,
			);
			runOnlyForDeploymentPostprocessing = 0;
		};
		5050BADE1CFD656800ED7B46 /* Frameworks */ = {
			isa = PBXFrameworksBuildPhase;
			buildActionMask = 2147483647;
			files = (
			);
			runOnlyForDeploymentPostprocessing = 0;
		};
		5050BAE91CFD656800ED7B46 /* Frameworks */ = {
			isa = PBXFrameworksBuildPhase;
			buildActionMask = 2147483647;
			files = (
			);
			runOnlyForDeploymentPostprocessing = 0;
		};
/* End PBXFrameworksBuildPhase section */

/* Begin PBXGroup section */
		5050BABF1CFD656800ED7B46 = {
			isa = PBXGroup;
			children = (
				5050BB001CFD65D900ED7B46 /* CoreLocation.framework */,
				5050BAFE1CFD65CA00ED7B46 /* MapKit.framework */,
				5050BACA1CFD656800ED7B46 /* MapDemo */,
				5050BAE41CFD656800ED7B46 /* MapDemoTests */,
				5050BAEF1CFD656800ED7B46 /* MapDemoUITests */,
				5050BAC91CFD656800ED7B46 /* Products */,
			);
			sourceTree = "<group>";
		};
		5050BAC91CFD656800ED7B46 /* Products */ = {
			isa = PBXGroup;
			children = (
				5050BAC81CFD656800ED7B46 /* MapDemo.app */,
				5050BAE11CFD656800ED7B46 /* MapDemoTests.xctest */,
				5050BAEC1CFD656800ED7B46 /* MapDemoUITests.xctest */,
			);
			name = Products;
			sourceTree = "<group>";
		};
		5050BACA1CFD656800ED7B46 /* MapDemo */ = {
			isa = PBXGroup;
			children = (
				5050BB0F1CFD8EBB00ED7B46 /* icon */,
				5050BACE1CFD656800ED7B46 /* AppDelegate.h */,
				5050BACF1CFD656800ED7B46 /* AppDelegate.m */,
				5050BAD11CFD656800ED7B46 /* ViewController.h */,
				5050BAD21CFD656800ED7B46 /* ViewController.m */,
				5050BB0A1CFD828800ED7B46 /* KKAnnotation.h */,
				5050BB0B1CFD828800ED7B46 /* KKAnnotation.m */,
				5050BB051CFD71C800ED7B46 /* MapDemoViewController.h */,
				5050BB061CFD71C800ED7B46 /* MapDemoViewController.m */,
				5050BB071CFD71C800ED7B46 /* MapDemoViewController.xib */,
				5050BB021CFD686A00ED7B46 /* BaseNavViewController.h */,
				5050BB031CFD686A00ED7B46 /* BaseNavViewController.m */,
				5050BAD41CFD656800ED7B46 /* Main.storyboard */,
				5050BAD71CFD656800ED7B46 /* Assets.xcassets */,
				5050BAD91CFD656800ED7B46 /* LaunchScreen.storyboard */,
				5050BADC1CFD656800ED7B46 /* Info.plist */,
				5050BACB1CFD656800ED7B46 /* Supporting Files */,
			);
			path = MapDemo;
			sourceTree = "<group>";
		};
		5050BACB1CFD656800ED7B46 /* Supporting Files */ = {
			isa = PBXGroup;
			children = (
				5050BACC1CFD656800ED7B46 /* main.m */,
			);
			name = "Supporting Files";
			sourceTree = "<group>";
		};
		5050BAE41CFD656800ED7B46 /* MapDemoTests */ = {
			isa = PBXGroup;
			children = (
				5050BAE51CFD656800ED7B46 /* MapDemoTests.m */,
				5050BAE71CFD656800ED7B46 /* Info.plist */,
			);
			path = MapDemoTests;
			sourceTree = "<group>";
		};
		5050BAEF1CFD656800ED7B46 /* MapDemoUITests */ = {
			isa = PBXGroup;
			children = (
				5050BAF01CFD656800ED7B46 /* MapDemoUITests.m */,
				5050BAF21CFD656800ED7B46 /* Info.plist */,
			);
			path = MapDemoUITests;
			sourceTree = "<group>";
		};
		5050BB0F1CFD8EBB00ED7B46 /* icon */ = {
			isa = PBXGroup;
			children = (
				5050BB101CFD8EBB00ED7B46 /* Icon-40.png */,
				5050BB111CFD8EBB00ED7B46 /* Icon-40@2x.png */,
				5050BB121CFD8EBB00ED7B46 /* Icon-40@3x.png */,
				5050BB131CFD8EBB00ED7B46 /* Icon-60@2x.png */,
				5050BB141CFD8EBB00ED7B46 /* Icon-60@3x.png */,
				5050BB151CFD8EBB00ED7B46 /* Icon-72.png */,
				5050BB161CFD8EBB00ED7B46 /* Icon-72@2x.png */,
				5050BB171CFD8EBB00ED7B46 /* Icon-76.png */,
				5050BB181CFD8EBB00ED7B46 /* Icon-76@2x.png */,
				5050BB191CFD8EBB00ED7B46 /* Icon-83.5@2x.png */,
				5050BB1A1CFD8EBB00ED7B46 /* Icon-Small-50.png */,
				5050BB1B1CFD8EBB00ED7B46 /* Icon-Small-50@2x.png */,
				5050BB1C1CFD8EBB00ED7B46 /* Icon-Small.png */,
				5050BB1D1CFD8EBB00ED7B46 /* Icon-Small@2x.png */,
				5050BB1E1CFD8EBB00ED7B46 /* Icon-Small@3x.png */,
				5050BB1F1CFD8EBB00ED7B46 /* Icon.png */,
				5050BB201CFD8EBB00ED7B46 /* Icon@2x.png */,
			);
			path = icon;
			sourceTree = "<group>";
		};
/* End PBXGroup section */

/* Begin PBXNativeTarget section */
		5050BAC71CFD656800ED7B46 /* MapDemo */ = {
			isa = PBXNativeTarget;
			buildConfigurationList = 5050BAF51CFD656800ED7B46 /* Build configuration list for PBXNativeTarget "MapDemo" */;
			buildPhases = (
				5050BAC41CFD656800ED7B46 /* Sources */,
				5050BAC51CFD656800ED7B46 /* Frameworks */,
				5050BAC61CFD656800ED7B46 /* Resources */,
			);
			buildRules = (
			);
			dependencies = (
			);
			name = MapDemo;
			productName = MapDemo;
			productReference = 5050BAC81CFD656800ED7B46 /* MapDemo.app */;
			productType = "com.apple.product-type.application";
		};
		5050BAE01CFD656800ED7B46 /* MapDemoTests */ = {
			isa = PBXNativeTarget;
			buildConfigurationList = 5050BAF81CFD656800ED7B46 /* Build configuration list for PBXNativeTarget "MapDemoTests" */;
			buildPhases = (
				5050BADD1CFD656800ED7B46 /* Sources */,
				5050BADE1CFD656800ED7B46 /* Frameworks */,
				5050BADF1CFD656800ED7B46 /* Resources */,
			);
			buildRules = (
			);
			dependencies = (
				5050BAE31CFD656800ED7B46 /* PBXTargetDependency */,
			);
			name = MapDemoTests;
			productName = MapDemoTests;
			productReference = 5050BAE11CFD656800ED7B46 /* MapDemoTests.xctest */;
			productType = "com.apple.product-type.bundle.unit-test";
		};
		5050BAEB1CFD656800ED7B46 /* MapDemoUITests */ = {
			isa = PBXNativeTarget;
			buildConfigurationList = 5050BAFB1CFD656800ED7B46 /* Build configuration list for PBXNativeTarget "MapDemoUITests" */;
			buildPhases = (
				5050BAE81CFD656800ED7B46 /* Sources */,
				5050BAE91CFD656800ED7B46 /* Frameworks */,
				5050BAEA1CFD656800ED7B46 /* Resources */,
			);
			buildRules = (
			);
			dependencies = (
				5050BAEE1CFD656800ED7B46 /* PBXTargetDependency */,
			);
			name = MapDemoUITests;
			productName = MapDemoUITests;
			productReference = 5050BAEC1CFD656800ED7B46 /* MapDemoUITests.xctest */;
			productType = "com.apple.product-type.bundle.ui-testing";
		};
/* End PBXNativeTarget section */

/* Begin PBXProject section */
		5050BAC01CFD656800ED7B46 /* Project object */ = {
			isa = PBXProject;
			attributes = {
				LastUpgradeCheck = 0730;
				ORGANIZATIONNAME = "熊维东";
				TargetAttributes = {
					5050BAC71CFD656800ED7B46 = {
						CreatedOnToolsVersion = 7.3.1;
					};
					5050BAE01CFD656800ED7B46 = {
						CreatedOnToolsVersion = 7.3.1;
						TestTargetID = 5050BAC71CFD656800ED7B46;
					};
					5050BAEB1CFD656800ED7B46 = {
						CreatedOnToolsVersion = 7.3.1;
						TestTargetID = 5050BAC71CFD656800ED7B46;
					};
				};
			};
			buildConfigurationList = 5050BAC31CFD656800ED7B46 /* Build configuration list for PBXProject "MapDemo" */;
			compatibilityVersion = "Xcode 3.2";
			developmentRegion = English;
			hasScannedForEncodings = 0;
			knownRegions = (
				en,
				Base,
			);
			mainGroup = 5050BABF1CFD656800ED7B46;
			productRefGroup = 5050BAC91CFD656800ED7B46 /* Products */;
			projectDirPath = "";
			projectRoot = "";
			targets = (
				5050BAC71CFD656800ED7B46 /* MapDemo */,
				5050BAE01CFD656800ED7B46 /* MapDemoTests */,
				5050BAEB1CFD656800ED7B46 /* MapDemoUITests */,
			);
		};
/* End PBXProject section */

/* Begin PBXResourcesBuildPhase section */
		5050BAC61CFD656800ED7B46 /* Resources */ = {
			isa = PBXResourcesBuildPhase;
			buildActionMask = 2147483647;
			files = (
				5050BB091CFD71C800ED7B46 /* MapDemoViewController.xib in Resources */,
				5050BB281CFD8EBB00ED7B46 /* Icon-76.png in Resources */,
				5050BB2E1CFD8EBB00ED7B46 /* Icon-Small@2x.png in Resources */,
				5050BB2C1CFD8EBB00ED7B46 /* Icon-Small-50@2x.png in Resources */,
				5050BADB1CFD656800ED7B46 /* LaunchScreen.storyboard in Resources */,
				5050BB311CFD8EBB00ED7B46 /* Icon@2x.png in Resources */,
				5050BB271CFD8EBB00ED7B46 /* Icon-72@2x.png in Resources */,
				5050BB291CFD8EBB00ED7B46 /* Icon-76@2x.png in Resources */,
				5050BB2B1CFD8EBB00ED7B46 /* Icon-Small-50.png in Resources */,
				5050BB211CFD8EBB00ED7B46 /* Icon-40.png in Resources */,
				5050BB2D1CFD8EBB00ED7B46 /* Icon-Small.png in Resources */,
				5050BB261CFD8EBB00ED7B46 /* Icon-72.png in Resources */,
				5050BAD81CFD656800ED7B46 /* Assets.xcassets in Resources */,
				5050BB301CFD8EBB00ED7B46 /* Icon.png in Resources */,
				5050BB221CFD8EBB00ED7B46 /* Icon-40@2x.png in Resources */,
				5050BB241CFD8EBB00ED7B46 /* Icon-60@2x.png in Resources */,
				5050BB251CFD8EBB00ED7B46 /* Icon-60@3x.png in Resources */,
				5050BB2A1CFD8EBB00ED7B46 /* Icon-83.5@2x.png in Resources */,
				5050BAD61CFD656800ED7B46 /* Main.storyboard in Resources */,
				5050BB231CFD8EBB00ED7B46 /* Icon-40@3x.png in Resources */,
				5050BB2F1CFD8EBB00ED7B46 /* Icon-Small@3x.png in Resources */,
			);
			runOnlyForDeploymentPostprocessing = 0;
		};
		5050BADF1CFD656800ED7B46 /* Resources */ = {
			isa = PBXResourcesBuildPhase;
			buildActionMask = 2147483647;
			files = (
			);
			runOnlyForDeploymentPostprocessing = 0;
		};
		5050BAEA1CFD656800ED7B46 /* Resources */ = {
			isa = PBXResourcesBuildPhase;
			buildActionMask = 2147483647;
			files = (
			);
			runOnlyForDeploymentPostprocessing = 0;
		};
/* End PBXResourcesBuildPhase section */

/* Begin PBXSourcesBuildPhase section */
		5050BAC41CFD656800ED7B46 /* Sources */ = {
			isa = PBXSourcesBuildPhase;
			buildActionMask = 2147483647;
			files = (
				5050BAD31CFD656800ED7B46 /* ViewController.m in Sources */,
				5050BB041CFD686A00ED7B46 /* BaseNavViewController.m in Sources */,
				5050BAD01CFD656800ED7B46 /* AppDelegate.m in Sources */,
				5050BACD1CFD656800ED7B46 /* main.m in Sources */,
				5050BB0C1CFD828800ED7B46 /* KKAnnotation.m in Sources */,
				5050BB081CFD71C800ED7B46 /* MapDemoViewController.m in Sources */,
			);
			runOnlyForDeploymentPostprocessing = 0;
		};
		5050BADD1CFD656800ED7B46 /* Sources */ = {
			isa = PBXSourcesBuildPhase;
			buildActionMask = 2147483647;
			files = (
				5050BAE61CFD656800ED7B46 /* MapDemoTests.m in Sources */,
			);
			runOnlyForDeploymentPostprocessing = 0;
		};
		5050BAE81CFD656800ED7B46 /* Sources */ = {
			isa = PBXSourcesBuildPhase;
			buildActionMask = 2147483647;
			files = (
				5050BAF11CFD656800ED7B46 /* MapDemoUITests.m in Sources */,
			);
			runOnlyForDeploymentPostprocessing = 0;
		};
/* End PBXSourcesBuildPhase section */

/* Begin PBXTargetDependency section */
		5050BAE31CFD656800ED7B46 /* PBXTargetDependency */ = {
			isa = PBXTargetDependency;
			target = 5050BAC71CFD656800ED7B46 /* MapDemo */;
			targetProxy = 5050BAE21CFD656800ED7B46 /* PBXContainerItemProxy */;
		};
		5050BAEE1CFD656800ED7B46 /* PBXTargetDependency */ = {
			isa = PBXTargetDependency;
			target = 5050BAC71CFD656800ED7B46 /* MapDemo */;
			targetProxy = 5050BAED1CFD656800ED7B46 /* PBXContainerItemProxy */;
		};
/* End PBXTargetDependency section */

/* Begin PBXVariantGroup section */
		5050BAD41CFD656800ED7B46 /* Main.storyboard */ = {
			isa = PBXVariantGroup;
			children = (
				5050BAD51CFD656800ED7B46 /* Base */,
			);
			name = Main.storyboard;
			sourceTree = "<group>";
		};
		5050BAD91CFD656800ED7B46 /* LaunchScreen.storyboard */ = {
			isa = PBXVariantGroup;
			children = (
				5050BADA1CFD656800ED7B46 /* Base */,
			);
			name = LaunchScreen.storyboard;
			sourceTree = "<group>";
		};
/* End PBXVariantGroup section */

/* Begin XCBuildConfiguration section */
		5050BAF31CFD656800ED7B46 /* Debug */ = {
			isa = XCBuildConfiguration;
			buildSettings = {
				ALWAYS_SEARCH_USER_PATHS = NO;
				CLANG_ANALYZER_NONNULL = YES;
				CLANG_CXX_LANGUAGE_STANDARD = "gnu++0x";
				CLANG_CXX_LIBRARY = "libc++";
				CLANG_ENABLE_MODULES = YES;
				CLANG_ENABLE_OBJC_ARC = YES;
				CLANG_WARN_BOOL_CONVERSION = YES;
				CLANG_WARN_CONSTANT_CONVERSION = YES;
				CLANG_WARN_DIRECT_OBJC_ISA_USAGE = YES_ERROR;
				CLANG_WARN_EMPTY_BODY = YES;
				CLANG_WARN_ENUM_CONVERSION = YES;
				CLANG_WARN_INT_CONVERSION = YES;
				CLANG_WARN_OBJC_ROOT_CLASS = YES_ERROR;
				CLANG_WARN_UNREACHABLE_CODE = YES;
				CLANG_WARN__DUPLICATE_METHOD_MATCH = YES;
				"CODE_SIGN_IDENTITY[sdk=iphoneos*]" = "iPhone Developer";
				COPY_PHASE_STRIP = NO;
				DEBUG_INFORMATION_FORMAT = dwarf;
				ENABLE_STRICT_OBJC_MSGSEND = YES;
				ENABLE_TESTABILITY = YES;
				GCC_C_LANGUAGE_STANDARD = gnu99;
				GCC_DYNAMIC_NO_PIC = NO;
				GCC_NO_COMMON_BLOCKS = YES;
				GCC_OPTIMIZATION_LEVEL = 0;
				GCC_PREPROCESSOR_DEFINITIONS = (
					"DEBUG=1",
					"$(inherited)",
				);
				GCC_WARN_64_TO_32_BIT_CONVERSION = YES;
				GCC_WARN_ABOUT_RETURN_TYPE = YES_ERROR;
				GCC_WARN_UNDECLARED_SELECTOR = YES;
				GCC_WARN_UNINITIALIZED_AUTOS = YES_AGGRESSIVE;
				GCC_WARN_UNUSED_FUNCTION = YES;
				GCC_WARN_UNUSED_VARIABLE = YES;
				IPHONEOS_DEPLOYMENT_TARGET = 9.3;
				MTL_ENABLE_DEBUG_INFO = YES;
				ONLY_ACTIVE_ARCH = YES;
				SDKROOT = iphoneos;
			};
			name = Debug;
		};
		5050BAF41CFD656800ED7B46 /* Release */ = {
			isa = XCBuildConfiguration;
			buildSettings = {
				ALWAYS_SEARCH_USER_PATHS = NO;
				CLANG_ANALYZER_NONNULL = YES;
				CLANG_CXX_LANGUAGE_STANDARD = "gnu++0x";
				CLANG_CXX_LIBRARY = "libc++";
				CLANG_ENABLE_MODULES = YES;
				CLANG_ENABLE_OBJC_ARC = YES;
				CLANG_WARN_BOOL_CONVERSION = YES;
				CLANG_WARN_CONSTANT_CONVERSION = YES;
				CLANG_WARN_DIRECT_OBJC_ISA_USAGE = YES_ERROR;
				CLANG_WARN_EMPTY_BODY = YES;
				CLANG_WARN_ENUM_CONVERSION = YES;
				CLANG_WARN_INT_CONVERSION = YES;
				CLANG_WARN_OBJC_ROOT_CLASS = YES_ERROR;
				CLANG_WARN_UNREACHABLE_CODE = YES;
				CLANG_WARN__DUPLICATE_METHOD_MATCH = YES;
				"CODE_SIGN_IDENTITY[sdk=iphoneos*]" = "iPhone Developer";
				COPY_PHASE_STRIP = NO;
				DEBUG_INFORMATION_FORMAT = "dwarf-with-dsym";
				ENABLE_NS_ASSERTIONS = NO;
				ENABLE_STRICT_OBJC_MSGSEND = YES;
				GCC_C_LANGUAGE_STANDARD = gnu99;
				GCC_NO_COMMON_BLOCKS = YES;
				GCC_WARN_64_TO_32_BIT_CONVERSION = YES;
				GCC_WARN_ABOUT_RETURN_TYPE = YES_ERROR;
				GCC_WARN_UNDECLARED_SELECTOR = YES;
				GCC_WARN_UNINITIALIZED_AUTOS = YES_AGGRESSIVE;
				GCC_WARN_UNUSED_FUNCTION = YES;
				GCC_WARN_UNUSED_VARIABLE = YES;
				IPHONEOS_DEPLOYMENT_TARGET = 9.3;
				MTL_ENABLE_DEBUG_INFO = NO;
				SDKROOT = iphoneos;
				VALIDATE_PRODUCT = YES;
			};
			name = Release;
		};
		5050BAF61CFD656800ED7B46 /* Debug */ = {
			isa = XCBuildConfiguration;
			buildSettings = {
				ASSETCATALOG_COMPILER_APPICON_NAME = AppIcon;
				INFOPLIST_FILE = MapDemo/Info.plist;
				IPHONEOS_DEPLOYMENT_TARGET = 8.4;
				LD_RUNPATH_SEARCH_PATHS = "$(inherited) @executable_path/Frameworks";
				PRODUCT_BUNDLE_IDENTIFIER = doocmc.MapDemo;
				PRODUCT_NAME = "$(TARGET_NAME)";
			};
			name = Debug;
		};
		5050BAF71CFD656800ED7B46 /* Release */ = {
			isa = XCBuildConfiguration;
			buildSettings = {
				ASSETCATALOG_COMPILER_APPICON_NAME = AppIcon;
				INFOPLIST_FILE = MapDemo/Info.plist;
				IPHONEOS_DEPLOYMENT_TARGET = 8.4;
				LD_RUNPATH_SEARCH_PATHS = "$(inherited) @executable_path/Frameworks";
				PRODUCT_BUNDLE_IDENTIFIER = doocmc.MapDemo;
				PRODUCT_NAME = "$(TARGET_NAME)";
			};
			name = Release;
		};
		5050BAF91CFD656800ED7B46 /* Debug */ = {
			isa = XCBuildConfiguration;
			buildSettings = {
				BUNDLE_LOADER = "$(TEST_HOST)";
				INFOPLIST_FILE = MapDemoTests/Info.plist;
				LD_RUNPATH_SEARCH_PATHS = "$(inherited) @executable_path/Frameworks @loader_path/Frameworks";
				PRODUCT_BUNDLE_IDENTIFIER = doocmc.MapDemoTests;
				PRODUCT_NAME = "$(TARGET_NAME)";
				TEST_HOST = "$(BUILT_PRODUCTS_DIR)/MapDemo.app/MapDemo";
			};
			name = Debug;
		};
		5050BAFA1CFD656800ED7B46 /* Release */ = {
			isa = XCBuildConfiguration;
			buildSettings = {
				BUNDLE_LOADER = "$(TEST_HOST)";
				INFOPLIST_FILE = MapDemoTests/Info.plist;
				LD_RUNPATH_SEARCH_PATHS = "$(inherited) @executable_path/Frameworks @loader_path/Frameworks";
				PRODUCT_BUNDLE_IDENTIFIER = doocmc.MapDemoTests;
				PRODUCT_NAME = "$(TARGET_NAME)";
				TEST_HOST = "$(BUILT_PRODUCTS_DIR)/MapDemo.app/MapDemo";
			};
			name = Release;
		};
		5050BAFC1CFD656800ED7B46 /* Debug */ = {
			isa = XCBuildConfiguration;
			buildSettings = {
				INFOPLIST_FILE = MapDemoUITests/Info.plist;
				LD_RUNPATH_SEARCH_PATHS = "$(inherited) @executable_path/Frameworks @loader_path/Frameworks";
				PRODUCT_BUNDLE_IDENTIFIER = doocmc.MapDemoUITests;
				PRODUCT_NAME = "$(TARGET_NAME)";
				TEST_TARGET_NAME = MapDemo;
			};
			name = Debug;
		};
		5050BAFD1CFD656800ED7B46 /* Release */ = {
			isa = XCBuildConfiguration;
			buildSettings = {
				INFOPLIST_FILE = MapDemoUITests/Info.plist;
				LD_RUNPATH_SEARCH_PATHS = "$(inherited) @executable_path/Frameworks @loader_path/Frameworks";
				PRODUCT_BUNDLE_IDENTIFIER = doocmc.MapDemoUITests;
				PRODUCT_NAME = "$(TARGET_NAME)";
				TEST_TARGET_NAME = MapDemo;
			};
			name = Release;
		};
/* End XCBuildConfiguration section */

/* Begin XCConfigurationList section */
		5050BAC31CFD656800ED7B46 /* Build configuration list for PBXProject "MapDemo" */ = {
			isa = XCConfigurationList;
			buildConfigurations = (
				5050BAF31CFD656800ED7B46 /* Debug */,
				5050BAF41CFD656800ED7B46 /* Release */,
			);
			defaultConfigurationIsVisible = 0;
			defaultConfigurationName = Release;
		};
		5050BAF51CFD656800ED7B46 /* Build configuration list for PBXNativeTarget "MapDemo" */ = {
			isa = XCConfigurationList;
			buildConfigurations = (
				5050BAF61CFD656800ED7B46 /* Debug */,
				5050BAF71CFD656800ED7B46 /* Release */,
			);
			defaultConfigurationIsVisible = 0;
		};
		5050BAF81CFD656800ED7B46 /* Build configuration list for PBXNativeTarget "MapDemoTests" */ = {
			isa = XCConfigurationList;
			buildConfigurations = (
				5050BAF91CFD656800ED7B46 /* Debug */,
				5050BAFA1CFD656800ED7B46 /* Release */,
			);
			defaultConfigurationIsVisible = 0;
		};
		5050BAFB1CFD656800ED7B46 /* Build configuration list for PBXNativeTarget "MapDemoUITests" */ = {
			isa = XCConfigurationList;
			buildConfigurations = (
				5050BAFC1CFD656800ED7B46 /* Debug */,
				5050BAFD1CFD656800ED7B46 /* Release */,
			);
			defaultConfigurationIsVisible = 0;
		};
/* End XCConfigurationList section */
	};
	rootObject = 5050BAC01CFD656800ED7B46 /* Project object */;
}
